
Microsoft Visual Studio Solution File, Format Version 12.00
# Visual Studio Version 17
VisualStudioVersion = 17.8.34330.188
MinimumVisualStudioVersion = 10.0.40219.1
Project("{9A19103F-16F7-4668-BE54-9A1E7A4F7556}") = "RumexStore.Functions.ImageProcessing", "RumexStore.Functions.ImageProcessing.csproj", "{A85EEE15-08CB-441C-B0FE-884604C35BB0}"
EndProject
Global
	GlobalSection(SolutionConfigurationPlatforms) = preSolution
		Debug|Any CPU = Debug|Any CPU
		Release|Any CPU = Release|Any CPU
	EndGlobalSection
	GlobalSection(ProjectConfigurationPlatforms) = postSolution
		{A85EEE15-08CB-441C-B0FE-884604C35BB0}.Debug|Any CPU.ActiveCfg = Debug|Any CPU
		{A85EEE15-08CB-441C-B0FE-884604C35BB0}.Debug|Any CPU.Build.0 = Debug|Any CPU
		{A85EEE15-08CB-441C-B0FE-884604C35BB0}.Release|Any CPU.ActiveCfg = Release|Any CPU
		{A85EEE15-08CB-441C-B0FE-884604C35BB0}.Release|Any CPU.Build.0 = Release|Any CPU
	EndGlobalSection
	GlobalSection(SolutionProperties) = preSolution
		HideSolutionNode = FALSE
	EndGlobalSection
	GlobalSection(ExtensibilityGlobals) = postSolution
		SolutionGuid = {A702A3D4-BA90-417B-AAAE-B31059A98ABF}
	EndGlobalSection
EndGlobal
